
Microsoft Visual Studio Solution File, Format Version 12.00
Project("{FAE04EC0-301F-11D3-BF4B-00C04F79EFBC}") = "Inicio", "Inicio\Inicio.csproj", "{29291574-9765-4937-ACA8-D8504A770B28}"
EndProject
Project("{FAE04EC0-301F-11D3-BF4B-00C04F79EFBC}") = "Entidades", "Entidades\Entidades.csproj", "{AD7EB628-EA86-42F4-8FE6-509C63DD7743}"
EndProject
Project("{FAE04EC0-301F-11D3-BF4B-00C04F79EFBC}") = "DTO", "DTO\DTO.csproj", "{C641FD7B-94FF-4950-AA82-41F02520AA67}"
EndProject
Project("{FAE04EC0-301F-11D3-BF4B-00C04F79EFBC}") = "FabricaDeObjetos", "FabricaDeObjetos\FabricaDeObjetos.csproj", "{21312F61-AE8D-4FD2-B7AF-FC2D13EFB99D}"
EndProject
Project("{FAE04EC0-301F-11D3-BF4B-00C04F79EFBC}") = "LogicaNegocio", "LogicaNegocio\LogicaNegocio.csproj", "{5F2CE881-59F6-4872-AEA6-1C6455505086}"
EndProject
Project("{FAE04EC0-301F-11D3-BF4B-00C04F79EFBC}") = "Persistencia", "Persistencia\Persistencia.csproj", "{95886C8A-D762-4A9E-89BC-8943A151C1A2}"
EndProject
Project("{FAE04EC0-301F-11D3-BF4B-00C04F79EFBC}") = "Controlador", "Controlador\Controlador.csproj", "{7EB9DF2E-2A7C-46D9-A0EA-629715FB2E3E}"
EndProject
Project("{FAE04EC0-301F-11D3-BF4B-00C04F79EFBC}") = "Fachada", "Fachada\Fachada.csproj", "{C338F812-96BF-45EE-BEC8-4C5CBF54D80A}"
EndProject
Project("{FAE04EC0-301F-11D3-BF4B-00C04F79EFBC}") = "VistaConsola", "VistaConsola\VistaConsola.csproj", "{E67D4938-5E57-48B0-8948-7142CEF68256}"
EndProject
Project("{FAE04EC0-301F-11D3-BF4B-00C04F79EFBC}") = "SistemaClientes", "SistemaClientes\SistemaClientes.csproj", "{2AF5D7D1-C746-4A9F-A46E-ABE0C16966FE}"
EndProject
Project("{FAE04EC0-301F-11D3-BF4B-00C04F79EFBC}") = "GestorDocumentos", "GestorDocumentos\GestorDocumentos.csproj", "{5989711D-EB79-48A1-A824-789CB350CDE3}"
EndProject
Project("{2150E333-8FDC-42A3-9474-1A3956D46DE8}") = "Presentacion", "Presentacion", "{101E5FB6-DAD9-4089-8A0B-2F75035BDEBB}"
EndProject
Project("{2150E333-8FDC-42A3-9474-1A3956D46DE8}") = "Aplicacion", "Aplicacion", "{861CC78C-C6ED-4E66-9397-7550A1AD1ABF}"
EndProject
Project("{2150E333-8FDC-42A3-9474-1A3956D46DE8}") = "Infraestructura", "Infraestructura", "{2B0C58EB-9D7E-4BAD-840C-08A42C6DF904}"
EndProject
Project("{FAE04EC0-301F-11D3-BF4B-00C04F79EFBC}") = "VistaEscritorio", "VistaEscritorio\VistaEscritorio.csproj", "{75940BBB-B731-4D1F-859F-400B5D9549E6}"
EndProject
Global
	GlobalSection(SolutionConfigurationPlatforms) = preSolution
		Debug|Any CPU = Debug|Any CPU
		Release|Any CPU = Release|Any CPU
	EndGlobalSection
	GlobalSection(ProjectConfigurationPlatforms) = postSolution
		{29291574-9765-4937-ACA8-D8504A770B28}.Debug|Any CPU.ActiveCfg = Debug|Any CPU
		{29291574-9765-4937-ACA8-D8504A770B28}.Debug|Any CPU.Build.0 = Debug|Any CPU
		{29291574-9765-4937-ACA8-D8504A770B28}.Release|Any CPU.ActiveCfg = Release|Any CPU
		{29291574-9765-4937-ACA8-D8504A770B28}.Release|Any CPU.Build.0 = Release|Any CPU
		{AD7EB628-EA86-42F4-8FE6-509C63DD7743}.Debug|Any CPU.ActiveCfg = Debug|Any CPU
		{AD7EB628-EA86-42F4-8FE6-509C63DD7743}.Debug|Any CPU.Build.0 = Debug|Any CPU
		{AD7EB628-EA86-42F4-8FE6-509C63DD7743}.Release|Any CPU.ActiveCfg = Release|Any CPU
		{AD7EB628-EA86-42F4-8FE6-509C63DD7743}.Release|Any CPU.Build.0 = Release|Any CPU
		{C641FD7B-94FF-4950-AA82-41F02520AA67}.Debug|Any CPU.ActiveCfg = Debug|Any CPU
		{C641FD7B-94FF-4950-AA82-41F02520AA67}.Debug|Any CPU.Build.0 = Debug|Any CPU
		{C641FD7B-94FF-4950-AA82-41F02520AA67}.Release|Any CPU.ActiveCfg = Release|Any CPU
		{C641FD7B-94FF-4950-AA82-41F02520AA67}.Release|Any CPU.Build.0 = Release|Any CPU
		{21312F61-AE8D-4FD2-B7AF-FC2D13EFB99D}.Debug|Any CPU.ActiveCfg = Debug|Any CPU
		{21312F61-AE8D-4FD2-B7AF-FC2D13EFB99D}.Debug|Any CPU.Build.0 = Debug|Any CPU
		{21312F61-AE8D-4FD2-B7AF-FC2D13EFB99D}.Release|Any CPU.ActiveCfg = Release|Any CPU
		{21312F61-AE8D-4FD2-B7AF-FC2D13EFB99D}.Release|Any CPU.Build.0 = Release|Any CPU
		{5F2CE881-59F6-4872-AEA6-1C6455505086}.Debug|Any CPU.ActiveCfg = Debug|Any CPU
		{5F2CE881-59F6-4872-AEA6-1C6455505086}.Debug|Any CPU.Build.0 = Debug|Any CPU
		{5F2CE881-59F6-4872-AEA6-1C6455505086}.Release|Any CPU.ActiveCfg = Release|Any CPU
		{5F2CE881-59F6-4872-AEA6-1C6455505086}.Release|Any CPU.Build.0 = Release|Any CPU
		{95886C8A-D762-4A9E-89BC-8943A151C1A2}.Debug|Any CPU.ActiveCfg = Debug|Any CPU
		{95886C8A-D762-4A9E-89BC-8943A151C1A2}.Debug|Any CPU.Build.0 = Debug|Any CPU
		{95886C8A-D762-4A9E-89BC-8943A151C1A2}.Release|Any CPU.ActiveCfg = Release|Any CPU
		{95886C8A-D762-4A9E-89BC-8943A151C1A2}.Release|Any CPU.Build.0 = Release|Any CPU
		{7EB9DF2E-2A7C-46D9-A0EA-629715FB2E3E}.Debug|Any CPU.ActiveCfg = Debug|Any CPU
		{7EB9DF2E-2A7C-46D9-A0EA-629715FB2E3E}.Debug|Any CPU.Build.0 = Debug|Any CPU
		{7EB9DF2E-2A7C-46D9-A0EA-629715FB2E3E}.Release|Any CPU.ActiveCfg = Release|Any CPU
		{7EB9DF2E-2A7C-46D9-A0EA-629715FB2E3E}.Release|Any CPU.Build.0 = Release|Any CPU
		{C338F812-96BF-45EE-BEC8-4C5CBF54D80A}.Debug|Any CPU.ActiveCfg = Debug|Any CPU
		{C338F812-96BF-45EE-BEC8-4C5CBF54D80A}.Debug|Any CPU.Build.0 = Debug|Any CPU
		{C338F812-96BF-45EE-BEC8-4C5CBF54D80A}.Release|Any CPU.ActiveCfg = Release|Any CPU
		{C338F812-96BF-45EE-BEC8-4C5CBF54D80A}.Release|Any CPU.Build.0 = Release|Any CPU
		{E67D4938-5E57-48B0-8948-7142CEF68256}.Debug|Any CPU.ActiveCfg = Debug|Any CPU
		{E67D4938-5E57-48B0-8948-7142CEF68256}.Debug|Any CPU.Build.0 = Debug|Any CPU
		{E67D4938-5E57-48B0-8948-7142CEF68256}.Release|Any CPU.ActiveCfg = Release|Any CPU
		{E67D4938-5E57-48B0-8948-7142CEF68256}.Release|Any CPU.Build.0 = Release|Any CPU
		{2AF5D7D1-C746-4A9F-A46E-ABE0C16966FE}.Debug|Any CPU.ActiveCfg = Debug|Any CPU
		{2AF5D7D1-C746-4A9F-A46E-ABE0C16966FE}.Debug|Any CPU.Build.0 = Debug|Any CPU
		{2AF5D7D1-C746-4A9F-A46E-ABE0C16966FE}.Release|Any CPU.ActiveCfg = Release|Any CPU
		{2AF5D7D1-C746-4A9F-A46E-ABE0C16966FE}.Release|Any CPU.Build.0 = Release|Any CPU
		{5989711D-EB79-48A1-A824-789CB350CDE3}.Debug|Any CPU.ActiveCfg = Debug|Any CPU
		{5989711D-EB79-48A1-A824-789CB350CDE3}.Debug|Any CPU.Build.0 = Debug|Any CPU
		{5989711D-EB79-48A1-A824-789CB350CDE3}.Release|Any CPU.ActiveCfg = Release|Any CPU
		{5989711D-EB79-48A1-A824-789CB350CDE3}.Release|Any CPU.Build.0 = Release|Any CPU
		{75940BBB-B731-4D1F-859F-400B5D9549E6}.Debug|Any CPU.ActiveCfg = Debug|Any CPU
		{75940BBB-B731-4D1F-859F-400B5D9549E6}.Debug|Any CPU.Build.0 = Debug|Any CPU
		{75940BBB-B731-4D1F-859F-400B5D9549E6}.Release|Any CPU.ActiveCfg = Release|Any CPU
		{75940BBB-B731-4D1F-859F-400B5D9549E6}.Release|Any CPU.Build.0 = Release|Any CPU
	EndGlobalSection
	GlobalSection(NestedProjects) = preSolution
		{E67D4938-5E57-48B0-8948-7142CEF68256} = {101E5FB6-DAD9-4089-8A0B-2F75035BDEBB}
		{5F2CE881-59F6-4872-AEA6-1C6455505086} = {861CC78C-C6ED-4E66-9397-7550A1AD1ABF}
		{7EB9DF2E-2A7C-46D9-A0EA-629715FB2E3E} = {861CC78C-C6ED-4E66-9397-7550A1AD1ABF}
		{C338F812-96BF-45EE-BEC8-4C5CBF54D80A} = {861CC78C-C6ED-4E66-9397-7550A1AD1ABF}
		{AD7EB628-EA86-42F4-8FE6-509C63DD7743} = {2B0C58EB-9D7E-4BAD-840C-08A42C6DF904}
		{95886C8A-D762-4A9E-89BC-8943A151C1A2} = {2B0C58EB-9D7E-4BAD-840C-08A42C6DF904}
		{5989711D-EB79-48A1-A824-789CB350CDE3} = {2B0C58EB-9D7E-4BAD-840C-08A42C6DF904}
		{2AF5D7D1-C746-4A9F-A46E-ABE0C16966FE} = {2B0C58EB-9D7E-4BAD-840C-08A42C6DF904}
		{75940BBB-B731-4D1F-859F-400B5D9549E6} = {101E5FB6-DAD9-4089-8A0B-2F75035BDEBB}
	EndGlobalSection
EndGlobal
